
Microsoft Visual Studio Solution File, Format Version 12.00
# Visual Studio Version 17
VisualStudioVersion = 17.3.32922.545
MinimumVisualStudioVersion = 10.0.40219.1
Project("{FAE04EC0-301F-11D3-BF4B-00C04F79EFBC}") = "Yody", "Yody\Yody.csproj", "{BD22B59C-9ECB-433F-8B64-B1C70CEAFA78}"
EndProject
Global
	GlobalSection(SolutionConfigurationPlatforms) = preSolution
		Debug|Any CPU = Debug|Any CPU
		Release|Any CPU = Release|Any CPU
	EndGlobalSection
	GlobalSection(ProjectConfigurationPlatforms) = postSolution
		{BD22B59C-9ECB-433F-8B64-B1C70CEAFA78}.Debug|Any CPU.ActiveCfg = Debug|Any CPU
		{BD22B59C-9ECB-433F-8B64-B1C70CEAFA78}.Debug|Any CPU.Build.0 = Debug|Any CPU
		{BD22B59C-9ECB-433F-8B64-B1C70CEAFA78}.Release|Any CPU.ActiveCfg = Release|Any CPU
		{BD22B59C-9ECB-433F-8B64-B1C70CEAFA78}.Release|Any CPU.Build.0 = Release|Any CPU
	EndGlobalSection
	GlobalSection(SolutionProperties) = preSolution
		HideSolutionNode = FALSE
	EndGlobalSection
	GlobalSection(ExtensibilityGlobals) = postSolution
		SolutionGuid = {95BA17E6-C185-486E-8DA4-3E1520A46C10}
	EndGlobalSection
EndGlobal
